
Microsoft Visual Studio Solution File, Format Version 12.00
# Visual Studio Version 16
VisualStudioVersion = 16.0.29326.143
MinimumVisualStudioVersion = 15.0.26124.0
Project("{9A19103F-16F7-4668-BE54-9A1E7A4F7556}") = "Jumjaro", "Jumjaro\Jumjaro.csproj", "{B3807B30-BB6E-497D-A14F-0A57E3F8ADE2}"
EndProject
Project("{9A19103F-16F7-4668-BE54-9A1E7A4F7556}") = "JumjaroTest", "JumjaroTest\JumjaroTest.csproj", "{67DC547B-8BE4-4FD6-886C-4FF036A8A58E}"
EndProject
Project("{9A19103F-16F7-4668-BE54-9A1E7A4F7556}") = "JumjaroWeb", "JumjaroWeb\JumjaroWeb.csproj", "{FB3FA4FF-D27C-4955-90FD-A449F06B8C6C}"
EndProject
Project("{FAE04EC0-301F-11D3-BF4B-00C04F79EFBC}") = "JumjaroWebServer", "JumjaroWebServer\JumjaroWebServer.csproj", "{AB460E8F-86CC-4D10-B9D2-9E4EA79F9DE3}"
EndProject
Global
	GlobalSection(SolutionConfigurationPlatforms) = preSolution
		Debug|Any CPU = Debug|Any CPU
		Debug|x64 = Debug|x64
		Debug|x86 = Debug|x86
		Release|Any CPU = Release|Any CPU
		Release|x64 = Release|x64
		Release|x86 = Release|x86
	EndGlobalSection
	GlobalSection(ProjectConfigurationPlatforms) = postSolution
		{B3807B30-BB6E-497D-A14F-0A57E3F8ADE2}.Debug|Any CPU.ActiveCfg = Debug|Any CPU
		{B3807B30-BB6E-497D-A14F-0A57E3F8ADE2}.Debug|Any CPU.Build.0 = Debug|Any CPU
		{B3807B30-BB6E-497D-A14F-0A57E3F8ADE2}.Debug|x64.ActiveCfg = Debug|Any CPU
		{B3807B30-BB6E-497D-A14F-0A57E3F8ADE2}.Debug|x64.Build.0 = Debug|Any CPU
		{B3807B30-BB6E-497D-A14F-0A57E3F8ADE2}.Debug|x86.ActiveCfg = Debug|Any CPU
		{B3807B30-BB6E-497D-A14F-0A57E3F8ADE2}.Debug|x86.Build.0 = Debug|Any CPU
		{B3807B30-BB6E-497D-A14F-0A57E3F8ADE2}.Release|Any CPU.ActiveCfg = Release|Any CPU
		{B3807B30-BB6E-497D-A14F-0A57E3F8ADE2}.Release|Any CPU.Build.0 = Release|Any CPU
		{B3807B30-BB6E-497D-A14F-0A57E3F8ADE2}.Release|x64.ActiveCfg = Release|Any CPU
		{B3807B30-BB6E-497D-A14F-0A57E3F8ADE2}.Release|x64.Build.0 = Release|Any CPU
		{B3807B30-BB6E-497D-A14F-0A57E3F8ADE2}.Release|x86.ActiveCfg = Release|Any CPU
		{B3807B30-BB6E-497D-A14F-0A57E3F8ADE2}.Release|x86.Build.0 = Release|Any CPU
		{67DC547B-8BE4-4FD6-886C-4FF036A8A58E}.Debug|Any CPU.ActiveCfg = Debug|Any CPU
		{67DC547B-8BE4-4FD6-886C-4FF036A8A58E}.Debug|Any CPU.Build.0 = Debug|Any CPU
		{67DC547B-8BE4-4FD6-886C-4FF036A8A58E}.Debug|x64.ActiveCfg = Debug|Any CPU
		{67DC547B-8BE4-4FD6-886C-4FF036A8A58E}.Debug|x64.Build.0 = Debug|Any CPU
		{67DC547B-8BE4-4FD6-886C-4FF036A8A58E}.Debug|x86.ActiveCfg = Debug|Any CPU
		{67DC547B-8BE4-4FD6-886C-4FF036A8A58E}.Debug|x86.Build.0 = Debug|Any CPU
		{67DC547B-8BE4-4FD6-886C-4FF036A8A58E}.Release|Any CPU.ActiveCfg = Release|Any CPU
		{67DC547B-8BE4-4FD6-886C-4FF036A8A58E}.Release|Any CPU.Build.0 = Release|Any CPU
		{67DC547B-8BE4-4FD6-886C-4FF036A8A58E}.Release|x64.ActiveCfg = Release|Any CPU
		{67DC547B-8BE4-4FD6-886C-4FF036A8A58E}.Release|x64.Build.0 = Release|Any CPU
		{67DC547B-8BE4-4FD6-886C-4FF036A8A58E}.Release|x86.ActiveCfg = Release|Any CPU
		{67DC547B-8BE4-4FD6-886C-4FF036A8A58E}.Release|x86.Build.0 = Release|Any CPU
		{FB3FA4FF-D27C-4955-90FD-A449F06B8C6C}.Debug|Any CPU.ActiveCfg = Debug|Any CPU
		{FB3FA4FF-D27C-4955-90FD-A449F06B8C6C}.Debug|Any CPU.Build.0 = Debug|Any CPU
		{FB3FA4FF-D27C-4955-90FD-A449F06B8C6C}.Debug|x64.ActiveCfg = Debug|Any CPU
		{FB3FA4FF-D27C-4955-90FD-A449F06B8C6C}.Debug|x64.Build.0 = Debug|Any CPU
		{FB3FA4FF-D27C-4955-90FD-A449F06B8C6C}.Debug|x86.ActiveCfg = Debug|Any CPU
		{FB3FA4FF-D27C-4955-90FD-A449F06B8C6C}.Debug|x86.Build.0 = Debug|Any CPU
		{FB3FA4FF-D27C-4955-90FD-A449F06B8C6C}.Release|Any CPU.ActiveCfg = Release|Any CPU
		{FB3FA4FF-D27C-4955-90FD-A449F06B8C6C}.Release|Any CPU.Build.0 = Release|Any CPU
		{FB3FA4FF-D27C-4955-90FD-A449F06B8C6C}.Release|x64.ActiveCfg = Release|Any CPU
		{FB3FA4FF-D27C-4955-90FD-A449F06B8C6C}.Release|x64.Build.0 = Release|Any CPU
		{FB3FA4FF-D27C-4955-90FD-A449F06B8C6C}.Release|x86.ActiveCfg = Release|Any CPU
		{FB3FA4FF-D27C-4955-90FD-A449F06B8C6C}.Release|x86.Build.0 = Release|Any CPU
		{AB460E8F-86CC-4D10-B9D2-9E4EA79F9DE3}.Debug|Any CPU.ActiveCfg = Debug|Any CPU
		{AB460E8F-86CC-4D10-B9D2-9E4EA79F9DE3}.Debug|Any CPU.Build.0 = Debug|Any CPU
		{AB460E8F-86CC-4D10-B9D2-9E4EA79F9DE3}.Debug|x64.ActiveCfg = Debug|Any CPU
		{AB460E8F-86CC-4D10-B9D2-9E4EA79F9DE3}.Debug|x64.Build.0 = Debug|Any CPU
		{AB460E8F-86CC-4D10-B9D2-9E4EA79F9DE3}.Debug|x86.ActiveCfg = Debug|Any CPU
		{AB460E8F-86CC-4D10-B9D2-9E4EA79F9DE3}.Debug|x86.Build.0 = Debug|Any CPU
		{AB460E8F-86CC-4D10-B9D2-9E4EA79F9DE3}.Release|Any CPU.ActiveCfg = Release|Any CPU
		{AB460E8F-86CC-4D10-B9D2-9E4EA79F9DE3}.Release|Any CPU.Build.0 = Release|Any CPU
		{AB460E8F-86CC-4D10-B9D2-9E4EA79F9DE3}.Release|x64.ActiveCfg = Release|Any CPU
		{AB460E8F-86CC-4D10-B9D2-9E4EA79F9DE3}.Release|x64.Build.0 = Release|Any CPU
		{AB460E8F-86CC-4D10-B9D2-9E4EA79F9DE3}.Release|x86.ActiveCfg = Release|Any CPU
		{AB460E8F-86CC-4D10-B9D2-9E4EA79F9DE3}.Release|x86.Build.0 = Release|Any CPU
	EndGlobalSection
	GlobalSection(SolutionProperties) = preSolution
		HideSolutionNode = FALSE
	EndGlobalSection
	GlobalSection(ExtensibilityGlobals) = postSolution
		SolutionGuid = {0C88086F-D1FC-4488-875E-119F87180687}
	EndGlobalSection
EndGlobal
